
Microsoft Visual Studio Solution File, Format Version 12.00
# Visual Studio 15
VisualStudioVersion = 15.0.26124.0
MinimumVisualStudioVersion = 15.0.26124.0
Project("{FAE04EC0-301F-11D3-BF4B-00C04F79EFBC}") = "FelpoII", "FelpoII\FelpoII.csproj", "{AD3BEA4A-81FE-43FC-ACF7-7C4627D5C5DC}"
EndProject
Project("{FAE04EC0-301F-11D3-BF4B-00C04F79EFBC}") = "FelpoII.Core", "FelpoII.Core\FelpoII.Core.csproj", "{C7329AE4-FA66-4C93-907E-EDA45A859D68}"
EndProject
Project("{FAE04EC0-301F-11D3-BF4B-00C04F79EFBC}") = "MersenneTwisterGenerator", "MersenneTwisterGenerator\MersenneTwisterGenerator.csproj", "{ADF751CC-B71B-44AC-B1B3-E675E350AB3D}"
EndProject
Global
	GlobalSection(SolutionConfigurationPlatforms) = preSolution
		Debug|Any CPU = Debug|Any CPU
		Debug|x64 = Debug|x64
		Debug|x86 = Debug|x86
		Release|Any CPU = Release|Any CPU
		Release|x64 = Release|x64
		Release|x86 = Release|x86
	EndGlobalSection
	GlobalSection(SolutionProperties) = preSolution
		HideSolutionNode = FALSE
	EndGlobalSection
	GlobalSection(ProjectConfigurationPlatforms) = postSolution
		{AD3BEA4A-81FE-43FC-ACF7-7C4627D5C5DC}.Debug|Any CPU.ActiveCfg = Debug|Any CPU
		{AD3BEA4A-81FE-43FC-ACF7-7C4627D5C5DC}.Debug|Any CPU.Build.0 = Debug|Any CPU
		{AD3BEA4A-81FE-43FC-ACF7-7C4627D5C5DC}.Debug|x64.ActiveCfg = Debug|Any CPU
		{AD3BEA4A-81FE-43FC-ACF7-7C4627D5C5DC}.Debug|x64.Build.0 = Debug|Any CPU
		{AD3BEA4A-81FE-43FC-ACF7-7C4627D5C5DC}.Debug|x86.ActiveCfg = Debug|Any CPU
		{AD3BEA4A-81FE-43FC-ACF7-7C4627D5C5DC}.Debug|x86.Build.0 = Debug|Any CPU
		{AD3BEA4A-81FE-43FC-ACF7-7C4627D5C5DC}.Release|Any CPU.ActiveCfg = Release|Any CPU
		{AD3BEA4A-81FE-43FC-ACF7-7C4627D5C5DC}.Release|Any CPU.Build.0 = Release|Any CPU
		{AD3BEA4A-81FE-43FC-ACF7-7C4627D5C5DC}.Release|x64.ActiveCfg = Release|Any CPU
		{AD3BEA4A-81FE-43FC-ACF7-7C4627D5C5DC}.Release|x64.Build.0 = Release|Any CPU
		{AD3BEA4A-81FE-43FC-ACF7-7C4627D5C5DC}.Release|x86.ActiveCfg = Release|Any CPU
		{AD3BEA4A-81FE-43FC-ACF7-7C4627D5C5DC}.Release|x86.Build.0 = Release|Any CPU
		{C7329AE4-FA66-4C93-907E-EDA45A859D68}.Debug|Any CPU.ActiveCfg = Debug|Any CPU
		{C7329AE4-FA66-4C93-907E-EDA45A859D68}.Debug|Any CPU.Build.0 = Debug|Any CPU
		{C7329AE4-FA66-4C93-907E-EDA45A859D68}.Debug|x64.ActiveCfg = Debug|Any CPU
		{C7329AE4-FA66-4C93-907E-EDA45A859D68}.Debug|x64.Build.0 = Debug|Any CPU
		{C7329AE4-FA66-4C93-907E-EDA45A859D68}.Debug|x86.ActiveCfg = Debug|Any CPU
		{C7329AE4-FA66-4C93-907E-EDA45A859D68}.Debug|x86.Build.0 = Debug|Any CPU
		{C7329AE4-FA66-4C93-907E-EDA45A859D68}.Release|Any CPU.ActiveCfg = Release|Any CPU
		{C7329AE4-FA66-4C93-907E-EDA45A859D68}.Release|Any CPU.Build.0 = Release|Any CPU
		{C7329AE4-FA66-4C93-907E-EDA45A859D68}.Release|x64.ActiveCfg = Release|Any CPU
		{C7329AE4-FA66-4C93-907E-EDA45A859D68}.Release|x64.Build.0 = Release|Any CPU
		{C7329AE4-FA66-4C93-907E-EDA45A859D68}.Release|x86.ActiveCfg = Release|Any CPU
		{C7329AE4-FA66-4C93-907E-EDA45A859D68}.Release|x86.Build.0 = Release|Any CPU
		{ADF751CC-B71B-44AC-B1B3-E675E350AB3D}.Debug|Any CPU.ActiveCfg = Debug|Any CPU
		{ADF751CC-B71B-44AC-B1B3-E675E350AB3D}.Debug|Any CPU.Build.0 = Debug|Any CPU
		{ADF751CC-B71B-44AC-B1B3-E675E350AB3D}.Debug|x64.ActiveCfg = Debug|Any CPU
		{ADF751CC-B71B-44AC-B1B3-E675E350AB3D}.Debug|x64.Build.0 = Debug|Any CPU
		{ADF751CC-B71B-44AC-B1B3-E675E350AB3D}.Debug|x86.ActiveCfg = Debug|Any CPU
		{ADF751CC-B71B-44AC-B1B3-E675E350AB3D}.Debug|x86.Build.0 = Debug|Any CPU
		{ADF751CC-B71B-44AC-B1B3-E675E350AB3D}.Release|Any CPU.ActiveCfg = Release|Any CPU
		{ADF751CC-B71B-44AC-B1B3-E675E350AB3D}.Release|Any CPU.Build.0 = Release|Any CPU
		{ADF751CC-B71B-44AC-B1B3-E675E350AB3D}.Release|x64.ActiveCfg = Release|Any CPU
		{ADF751CC-B71B-44AC-B1B3-E675E350AB3D}.Release|x64.Build.0 = Release|Any CPU
		{ADF751CC-B71B-44AC-B1B3-E675E350AB3D}.Release|x86.ActiveCfg = Release|Any CPU
		{ADF751CC-B71B-44AC-B1B3-E675E350AB3D}.Release|x86.Build.0 = Release|Any CPU
	EndGlobalSection
EndGlobal
