
Microsoft Visual Studio Solution File, Format Version 10.00
# Visual Studio 2008
Project("{FAE04EC0-301F-11D3-BF4B-00C04F79EFBC}") = "FelpoII", "FelpoII\FelpoII.csproj", "{F9D65BCF-4C21-4D77-A067-16C0F6DD88D6}"
EndProject
Project("{FAE04EC0-301F-11D3-BF4B-00C04F79EFBC}") = "FelpoIITest", "FelpoIITest\FelpoIITest.csproj", "{CD8F0D89-987A-47C3-83D7-5E17F650EF8C}"
EndProject
Project("{FAE04EC0-301F-11D3-BF4B-00C04F79EFBC}") = "MersenneTwisterGenerator", "MersenneTwisterGenerator\MersenneTwisterGenerator.csproj", "{BC937767-E424-41FF-AAF6-8357D68AFCDF}"
EndProject
Global
	GlobalSection(SolutionConfigurationPlatforms) = preSolution
		Debug|Any CPU = Debug|Any CPU
		Release|Any CPU = Release|Any CPU
	EndGlobalSection
	GlobalSection(ProjectConfigurationPlatforms) = postSolution
		{F9D65BCF-4C21-4D77-A067-16C0F6DD88D6}.Debug|Any CPU.ActiveCfg = Debug|Any CPU
		{F9D65BCF-4C21-4D77-A067-16C0F6DD88D6}.Debug|Any CPU.Build.0 = Debug|Any CPU
		{F9D65BCF-4C21-4D77-A067-16C0F6DD88D6}.Release|Any CPU.ActiveCfg = Release|Any CPU
		{F9D65BCF-4C21-4D77-A067-16C0F6DD88D6}.Release|Any CPU.Build.0 = Release|Any CPU
		{CD8F0D89-987A-47C3-83D7-5E17F650EF8C}.Debug|Any CPU.ActiveCfg = Debug|Any CPU
		{CD8F0D89-987A-47C3-83D7-5E17F650EF8C}.Debug|Any CPU.Build.0 = Debug|Any CPU
		{CD8F0D89-987A-47C3-83D7-5E17F650EF8C}.Release|Any CPU.ActiveCfg = Release|Any CPU
		{CD8F0D89-987A-47C3-83D7-5E17F650EF8C}.Release|Any CPU.Build.0 = Release|Any CPU
		{BC937767-E424-41FF-AAF6-8357D68AFCDF}.Debug|Any CPU.ActiveCfg = Debug|Any CPU
		{BC937767-E424-41FF-AAF6-8357D68AFCDF}.Debug|Any CPU.Build.0 = Debug|Any CPU
		{BC937767-E424-41FF-AAF6-8357D68AFCDF}.Release|Any CPU.ActiveCfg = Release|Any CPU
		{BC937767-E424-41FF-AAF6-8357D68AFCDF}.Release|Any CPU.Build.0 = Release|Any CPU
	EndGlobalSection
	GlobalSection(SolutionProperties) = preSolution
		HideSolutionNode = FALSE
	EndGlobalSection
EndGlobal
