
Microsoft Visual Studio Solution File, Format Version 10.00
# Visual C++ Express 2008
Project("{8BC9CEB8-8B4A-11D0-8D11-00A0C91BC942}") = "fp2cpp", "fp2cpp\fp2cpp.vcproj", "{110ED987-5EA0-4192-A237-B44151A7C454}"
EndProject
Global
	GlobalSection(SolutionConfigurationPlatforms) = preSolution
		Debug|Win32 = Debug|Win32
		Release|Win32 = Release|Win32
	EndGlobalSection
	GlobalSection(ProjectConfigurationPlatforms) = postSolution
		{110ED987-5EA0-4192-A237-B44151A7C454}.Debug|Win32.ActiveCfg = Debug|Win32
		{110ED987-5EA0-4192-A237-B44151A7C454}.Debug|Win32.Build.0 = Debug|Win32
		{110ED987-5EA0-4192-A237-B44151A7C454}.Release|Win32.ActiveCfg = Release|Win32
		{110ED987-5EA0-4192-A237-B44151A7C454}.Release|Win32.Build.0 = Release|Win32
	EndGlobalSection
	GlobalSection(SolutionProperties) = preSolution
		HideSolutionNode = FALSE
	EndGlobalSection
EndGlobal
