
Microsoft Visual Studio Solution File, Format Version 10.00
# Visual Studio 2008
Project("{FAE04EC0-301F-11D3-BF4B-00C04F79EFBC}") = "TSTEngine", "TSTEngine\TSTEngine.csproj", "{F9D65BCF-4C21-4D77-A067-16C0F6DD88D6}"
EndProject
Global
	GlobalSection(SolutionConfigurationPlatforms) = preSolution
		Debug|Any CPU = Debug|Any CPU
		Release|Any CPU = Release|Any CPU
	EndGlobalSection
	GlobalSection(ProjectConfigurationPlatforms) = postSolution
		{F9D65BCF-4C21-4D77-A067-16C0F6DD88D6}.Debug|Any CPU.ActiveCfg = Debug|Any CPU
		{F9D65BCF-4C21-4D77-A067-16C0F6DD88D6}.Debug|Any CPU.Build.0 = Debug|Any CPU
		{F9D65BCF-4C21-4D77-A067-16C0F6DD88D6}.Release|Any CPU.ActiveCfg = Release|Any CPU
		{F9D65BCF-4C21-4D77-A067-16C0F6DD88D6}.Release|Any CPU.Build.0 = Release|Any CPU
	EndGlobalSection
	GlobalSection(SolutionProperties) = preSolution
		HideSolutionNode = FALSE
	EndGlobalSection
EndGlobal
